
Microsoft Visual Studio Solution File, Format Version 12.00
# Visual Studio Version 17
VisualStudioVersion = 17.6.33815.320
MinimumVisualStudioVersion = 10.0.40219.1
Project("{FAE04EC0-301F-11D3-BF4B-00C04F79EFBC}") = "ThucTapMVC", "ThucTapMVC.csproj", "{1202EB5A-136D-4CF5-97A3-EB032332878B}"
EndProject
Global
	GlobalSection(SolutionConfigurationPlatforms) = preSolution
		Debug|Any CPU = Debug|Any CPU
		Release|Any CPU = Release|Any CPU
	EndGlobalSection
	GlobalSection(ProjectConfigurationPlatforms) = postSolution
		{1202EB5A-136D-4CF5-97A3-EB032332878B}.Debug|Any CPU.ActiveCfg = Debug|Any CPU
		{1202EB5A-136D-4CF5-97A3-EB032332878B}.Debug|Any CPU.Build.0 = Debug|Any CPU
		{1202EB5A-136D-4CF5-97A3-EB032332878B}.Release|Any CPU.ActiveCfg = Release|Any CPU
		{1202EB5A-136D-4CF5-97A3-EB032332878B}.Release|Any CPU.Build.0 = Release|Any CPU
	EndGlobalSection
	GlobalSection(SolutionProperties) = preSolution
		HideSolutionNode = FALSE
	EndGlobalSection
	GlobalSection(ExtensibilityGlobals) = postSolution
		SolutionGuid = {7C01433B-90EC-4050-B65A-28C8B9A2A33C}
	EndGlobalSection
EndGlobal
